
Microsoft Visual Studio Solution File, Format Version 12.00
# Visual Studio Version 16
VisualStudioVersion = 16.0.31005.135
MinimumVisualStudioVersion = 10.0.40219.1
Project("{9A19103F-16F7-4668-BE54-9A1E7A4F7556}") = "TaggerTest", "TaggerTest\TaggerTest.csproj", "{20110734-F26C-4697-B0A9-0868D0287594}"
EndProject
Project("{9A19103F-16F7-4668-BE54-9A1E7A4F7556}") = "TaggerEval", "TaggerEval\TaggerEval.csproj", "{6D19E744-E649-410A-9501-248A4E5581F1}"
EndProject
Project("{9A19103F-16F7-4668-BE54-9A1E7A4F7556}") = "TaggerTrain", "TaggerTrain\TaggerTrain.csproj", "{898824FD-EB4F-452E-9DC9-0A3C62C61125}"
EndProject
Global
	GlobalSection(SolutionConfigurationPlatforms) = preSolution
		Debug|Any CPU = Debug|Any CPU
		Release|Any CPU = Release|Any CPU
	EndGlobalSection
	GlobalSection(ProjectConfigurationPlatforms) = postSolution
		{20110734-F26C-4697-B0A9-0868D0287594}.Debug|Any CPU.ActiveCfg = Debug|Any CPU
		{20110734-F26C-4697-B0A9-0868D0287594}.Debug|Any CPU.Build.0 = Debug|Any CPU
		{20110734-F26C-4697-B0A9-0868D0287594}.Release|Any CPU.ActiveCfg = Release|Any CPU
		{20110734-F26C-4697-B0A9-0868D0287594}.Release|Any CPU.Build.0 = Release|Any CPU
		{6D19E744-E649-410A-9501-248A4E5581F1}.Debug|Any CPU.ActiveCfg = Debug|Any CPU
		{6D19E744-E649-410A-9501-248A4E5581F1}.Debug|Any CPU.Build.0 = Debug|Any CPU
		{6D19E744-E649-410A-9501-248A4E5581F1}.Release|Any CPU.ActiveCfg = Release|Any CPU
		{6D19E744-E649-410A-9501-248A4E5581F1}.Release|Any CPU.Build.0 = Release|Any CPU
		{898824FD-EB4F-452E-9DC9-0A3C62C61125}.Debug|Any CPU.ActiveCfg = Debug|Any CPU
		{898824FD-EB4F-452E-9DC9-0A3C62C61125}.Debug|Any CPU.Build.0 = Debug|Any CPU
		{898824FD-EB4F-452E-9DC9-0A3C62C61125}.Release|Any CPU.ActiveCfg = Release|Any CPU
		{898824FD-EB4F-452E-9DC9-0A3C62C61125}.Release|Any CPU.Build.0 = Release|Any CPU
	EndGlobalSection
	GlobalSection(SolutionProperties) = preSolution
		HideSolutionNode = FALSE
	EndGlobalSection
	GlobalSection(ExtensibilityGlobals) = postSolution
		SolutionGuid = {E11590BB-E082-4692-A43A-1E872E50233B}
	EndGlobalSection
EndGlobal
